{
  "name": "Software-Engineering-Lab",
  "lockfileVersion": 3,
  "requires": true,
  "packages": {
    "": {
      "devDependencies": {
        "@types/vue": "^1.0.31"
      }
    },
    "node_modules/@types/vue": {
      "version": "1.0.31",
      "resolved": "https://registry.npmjs.org/@types/vue/-/vue-1.0.31.tgz",
      "integrity": "sha512-unhlPKHFYEc+NA7nBz8yYSg7MOhWFJF2M/tzjb0rgVuK4pQzUBGmBp3IhfuhYDo3wr3dgA5sm9GUHmUJz2Hb9w==",
      "dev": true,
      "license": "MIT"
    }
  }
}
