{
  "name": "Software-Engineering-Lab",
  "lockfileVersion": 3,
  "requires": true,
  "packages": {
    "": {
      "devDependencies": {
        "@nuxt/types": "^2.18.1",
        "@types/node": "^22.13.5",
        "@types/vue": "^1.0.31",
        "nuxt-i18n": "^6.28.1"
      }
    },
    "node_modules/@babel/code-frame": {
      "version": "7.26.2",
      "resolved": "https://registry.npmjs.org/@babel/code-frame/-/code-frame-7.26.2.tgz",
      "integrity": "sha512-RJlIHRueQgwWitWgF8OdFYGZX328Ax5BCemNGlqHfplnRT9ESi8JkFlvaVYbS+UubVY6dpv87Fs2u5M29iNFVQ==",
      "dev": true,
      "license": "MIT",
      "dependencies": {
        "@babel/helper-validator-identifier": "^7.25.9",
        "js-tokens": "^4.0.0",
        "picocolors": "^1.0.0"
      },
      "engines": {
        "node": ">=6.9.0"
      }
    },
    "node_modules/@babel/generator": {
      "version": "7.26.9",
      "resolved": "https://registry.npmjs.org/@babel/generator/-/generator-7.26.9.tgz",
      "integrity": "sha512-kEWdzjOAUMW4hAyrzJ0ZaTOu9OmpyDIQicIh0zg0EEcEkYXZb2TjtBhnHi2ViX7PKwZqF4xwqfAm299/QMP3lg==",
      "dev": true,
      "license": "MIT",
      "dependencies": {
        "@babel/parser": "^7.26.9",
        "@babel/types": "^7.26.9",
        "@jridgewell/gen-mapping": "^0.3.5",
        "@jridgewell/trace-mapping": "^0.3.25",
        "jsesc": "^3.0.2"
      },
      "engines": {
        "node": ">=6.9.0"
      }
    },
    "node_modules/@babel/helper-string-parser": {
      "version": "7.25.9",
      "resolved": "https://registry.npmjs.org/@babel/helper-string-parser/-/helper-string-parser-7.25.9.tgz",
      "integrity": "sha512-4A/SCr/2KLd5jrtOMFzaKjVtAei3+2r/NChoBNoZ3EyP/+GlhoaEGoWOZUmFmoITP7zOJyHIMm+DYRd8o3PvHA==",
      "dev": true,
      "license": "MIT",
      "engines": {
        "node": ">=6.9.0"
      }
    },
    "node_modules/@babel/helper-validator-identifier": {
      "version": "7.25.9",
      "resolved": "https://registry.npmjs.org/@babel/helper-validator-identifier/-/helper-validator-identifier-7.25.9.tgz",
      "integrity": "sha512-Ed61U6XJc3CVRfkERJWDz4dJwKe7iLmmJsbOGu9wSloNSFttHV0I8g6UAgb7qnK5ly5bGLPd4oXZlxCdANBOWQ==",
      "dev": true,
      "license": "MIT",
      "engines": {
        "node": ">=6.9.0"
      }
    },
    "node_modules/@babel/parser": {
      "version": "7.26.9",
      "resolved": "https://registry.npmjs.org/@babel/parser/-/parser-7.26.9.tgz",
      "integrity": "sha512-81NWa1njQblgZbQHxWHpxxCzNsa3ZwvFqpUg7P+NNUU6f3UU2jBEg4OlF/J6rl8+PQGh1q6/zWScd001YwcA5A==",
      "dev": true,
      "license": "MIT",
      "dependencies": {
        "@babel/types": "^7.26.9"
      },
      "bin": {
        "parser": "bin/babel-parser.js"
      },
      "engines": {
        "node": ">=6.0.0"
      }
    },
    "node_modules/@babel/template": {
      "version": "7.26.9",
      "resolved": "https://registry.npmjs.org/@babel/template/-/template-7.26.9.tgz",
      "integrity": "sha512-qyRplbeIpNZhmzOysF/wFMuP9sctmh2cFzRAZOn1YapxBsE1i9bJIY586R/WBLfLcmcBlM8ROBiQURnnNy+zfA==",
      "dev": true,
      "license": "MIT",
      "dependencies": {
        "@babel/code-frame": "^7.26.2",
        "@babel/parser": "^7.26.9",
        "@babel/types": "^7.26.9"
      },
      "engines": {
        "node": ">=6.9.0"
      }
    },
    "node_modules/@babel/traverse": {
      "version": "7.26.9",
      "resolved": "https://registry.npmjs.org/@babel/traverse/-/traverse-7.26.9.tgz",
      "integrity": "sha512-ZYW7L+pL8ahU5fXmNbPF+iZFHCv5scFak7MZ9bwaRPLUhHh7QQEMjZUg0HevihoqCM5iSYHN61EyCoZvqC+bxg==",
      "dev": true,
      "license": "MIT",
      "dependencies": {
        "@babel/code-frame": "^7.26.2",
        "@babel/generator": "^7.26.9",
        "@babel/parser": "^7.26.9",
        "@babel/template": "^7.26.9",
        "@babel/types": "^7.26.9",
        "debug": "^4.3.1",
        "globals": "^11.1.0"
      },
      "engines": {
        "node": ">=6.9.0"
      }
    },
    "node_modules/@babel/types": {
      "version": "7.26.9",
      "resolved": "https://registry.npmjs.org/@babel/types/-/types-7.26.9.tgz",
      "integrity": "sha512-Y3IR1cRnOxOCDvMmNiym7XpXQ93iGDDPHx+Zj+NM+rg0fBaShfQLkg+hKPaZCEvg5N/LeCo4+Rj/i3FuJsIQaw==",
      "dev": true,
      "license": "MIT",
      "dependencies": {
        "@babel/helper-string-parser": "^7.25.9",
        "@babel/helper-validator-identifier": "^7.25.9"
      },
      "engines": {
        "node": ">=6.9.0"
      }
    },
    "node_modules/@intlify/shared": {
      "version": "9.14.2",
      "resolved": "https://registry.npmjs.org/@intlify/shared/-/shared-9.14.2.tgz",
      "integrity": "sha512-uRAHAxYPeF+G5DBIboKpPgC/Waecd4Jz8ihtkpJQD5ycb5PwXp0k/+hBGl5dAjwF7w+l74kz/PKA8r8OK//RUw==",
      "dev": true,
      "license": "MIT",
      "engines": {
        "node": ">= 16"
      },
      "funding": {
        "url": "https://github.com/sponsors/kazupon"
      }
    },
    "node_modules/@intlify/vue-i18n-extensions": {
      "version": "1.0.2",
      "resolved": "https://registry.npmjs.org/@intlify/vue-i18n-extensions/-/vue-i18n-extensions-1.0.2.tgz",
      "integrity": "sha512-rnfA0ScyBXyp9xsSD4EAMGeOh1yv/AE7fhqdAdSOr5X8N39azz257umfRtzNT9sHXAKSSzpCVhIbMAkp5c/gjQ==",
      "dev": true,
      "license": "MIT",
      "dependencies": {
        "@babel/parser": "^7.9.6"
      },
      "engines": {
        "node": ">= 10.0"
      }
    },
    "node_modules/@intlify/vue-i18n-loader": {
      "version": "1.1.0",
      "resolved": "https://registry.npmjs.org/@intlify/vue-i18n-loader/-/vue-i18n-loader-1.1.0.tgz",
      "integrity": "sha512-9LXiztMtYKTE8t/hRwwGUp+ofrwU0sxLQLzFEOZ38zvn0DonUIQmZUj1cfz5p1Lu8BllxKbCrn6HnsRJ+LYA6g==",
      "dev": true,
      "license": "MIT",
      "dependencies": {
        "@intlify/shared": "^9.0.0",
        "js-yaml": "^3.13.1",
        "json5": "^2.1.1"
      },
      "engines": {
        "node": ">= 10"
      }
    },
    "node_modules/@jridgewell/gen-mapping": {
      "version": "0.3.8",
      "resolved": "https://registry.npmjs.org/@jridgewell/gen-mapping/-/gen-mapping-0.3.8.tgz",
      "integrity": "sha512-imAbBGkb+ebQyxKgzv5Hu2nmROxoDOXHh80evxdoXNOrvAnVx7zimzc1Oo5h9RlfV4vPXaE2iM5pOFbvOCClWA==",
      "dev": true,
      "license": "MIT",
      "dependencies": {
        "@jridgewell/set-array": "^1.2.1",
        "@jridgewell/sourcemap-codec": "^1.4.10",
        "@jridgewell/trace-mapping": "^0.3.24"
      },
      "engines": {
        "node": ">=6.0.0"
      }
    },
    "node_modules/@jridgewell/resolve-uri": {
      "version": "3.1.2",
      "resolved": "https://registry.npmjs.org/@jridgewell/resolve-uri/-/resolve-uri-3.1.2.tgz",
      "integrity": "sha512-bRISgCIjP20/tbWSPWMEi54QVPRZExkuD9lJL+UIxUKtwVJA8wW1Trb1jMs1RFXo1CBTNZ/5hpC9QvmKWdopKw==",
      "dev": true,
      "license": "MIT",
      "engines": {
        "node": ">=6.0.0"
      }
    },
    "node_modules/@jridgewell/set-array": {
      "version": "1.2.1",
      "resolved": "https://registry.npmjs.org/@jridgewell/set-array/-/set-array-1.2.1.tgz",
      "integrity": "sha512-R8gLRTZeyp03ymzP/6Lil/28tGeGEzhx1q2k703KGWRAI1VdvPIXdG70VJc2pAMw3NA6JKL5hhFu1sJX0Mnn/A==",
      "dev": true,
      "license": "MIT",
      "engines": {
        "node": ">=6.0.0"
      }
    },
    "node_modules/@jridgewell/sourcemap-codec": {
      "version": "1.5.0",
      "resolved": "https://registry.npmjs.org/@jridgewell/sourcemap-codec/-/sourcemap-codec-1.5.0.tgz",
      "integrity": "sha512-gv3ZRaISU3fjPAgNsriBRqGWQL6quFx04YMPW/zD8XMLsU32mhCCbfbO6KZFLjvYpCZ8zyDEgqsgf+PwPaM7GQ==",
      "dev": true,
      "license": "MIT"
    },
    "node_modules/@jridgewell/trace-mapping": {
      "version": "0.3.25",
      "resolved": "https://registry.npmjs.org/@jridgewell/trace-mapping/-/trace-mapping-0.3.25.tgz",
      "integrity": "sha512-vNk6aEwybGtawWmy/PzwnGDOjCkLWSD2wqvjGGAgOAwCGWySYXfYoxt00IJkTF+8Lb57DwOb3Aa0o9CApepiYQ==",
      "dev": true,
      "license": "MIT",
      "dependencies": {
        "@jridgewell/resolve-uri": "^3.1.0",
        "@jridgewell/sourcemap-codec": "^1.4.14"
      }
    },
    "node_modules/@nuxt/types": {
      "version": "2.18.1",
      "resolved": "https://registry.npmjs.org/@nuxt/types/-/types-2.18.1.tgz",
      "integrity": "sha512-PpReoV9oHCnSpB9WqemTUWmlH1kqFHC3Xe5LH904VvCl/3xLO2nGYcrHeZCMV5hXNWsDUyqDnd/2cQHmeqj5lA==",
      "dev": true,
      "license": "MIT",
      "dependencies": {
        "@types/babel__core": "7.20.5",
        "@types/compression": "1.7.5",
        "@types/connect": "3.4.38",
        "@types/etag": "1.8.3",
        "@types/file-loader": "5.0.4",
        "@types/html-minifier-terser": "7.0.2",
        "@types/less": "3.0.6",
        "@types/node": "^16",
        "@types/optimize-css-assets-webpack-plugin": "5.0.8",
        "@types/pug": "2.0.10",
        "@types/serve-static": "1.15.7",
        "@types/terser-webpack-plugin": "4.2.1",
        "@types/webpack": "^4.41.38",
        "@types/webpack-bundle-analyzer": "3.9.5",
        "@types/webpack-hot-middleware": "2.25.5"
      },
      "engines": {
        "node": "^14.18.0 || >=16.10.0"
      }
    },
    "node_modules/@nuxt/types/node_modules/@types/node": {
      "version": "16.18.126",
      "resolved": "https://registry.npmjs.org/@types/node/-/node-16.18.126.tgz",
      "integrity": "sha512-OTcgaiwfGFBKacvfwuHzzn1KLxH/er8mluiy8/uM3sGXHaRe73RrSIj01jow9t4kJEW633Ov+cOexXeiApTyAw==",
      "dev": true,
      "license": "MIT"
    },
    "node_modules/@types/babel__core": {
      "version": "7.20.5",
      "resolved": "https://registry.npmjs.org/@types/babel__core/-/babel__core-7.20.5.tgz",
      "integrity": "sha512-qoQprZvz5wQFJwMDqeseRXWv3rqMvhgpbXFfVyWhbx9X47POIA6i/+dXefEmZKoAgOaTdaIgNSMqMIU61yRyzA==",
      "dev": true,
      "license": "MIT",
      "dependencies": {
        "@babel/parser": "^7.20.7",
        "@babel/types": "^7.20.7",
        "@types/babel__generator": "*",
        "@types/babel__template": "*",
        "@types/babel__traverse": "*"
      }
    },
    "node_modules/@types/babel__generator": {
      "version": "7.6.8",
      "resolved": "https://registry.npmjs.org/@types/babel__generator/-/babel__generator-7.6.8.tgz",
      "integrity": "sha512-ASsj+tpEDsEiFr1arWrlN6V3mdfjRMZt6LtK/Vp/kreFLnr5QH5+DhvD5nINYZXzwJvXeGq+05iUXcAzVrqWtw==",
      "dev": true,
      "license": "MIT",
      "dependencies": {
        "@babel/types": "^7.0.0"
      }
    },
    "node_modules/@types/babel__template": {
      "version": "7.4.4",
      "resolved": "https://registry.npmjs.org/@types/babel__template/-/babel__template-7.4.4.tgz",
      "integrity": "sha512-h/NUaSyG5EyxBIp8YRxo4RMe2/qQgvyowRwVMzhYhBCONbW8PUsg4lkFMrhgZhUe5z3L3MiLDuvyJ/CaPa2A8A==",
      "dev": true,
      "license": "MIT",
      "dependencies": {
        "@babel/parser": "^7.1.0",
        "@babel/types": "^7.0.0"
      }
    },
    "node_modules/@types/babel__traverse": {
      "version": "7.20.6",
      "resolved": "https://registry.npmjs.org/@types/babel__traverse/-/babel__traverse-7.20.6.tgz",
      "integrity": "sha512-r1bzfrm0tomOI8g1SzvCaQHo6Lcv6zu0EA+W2kHrt8dyrHQxGzBBL4kdkzIS+jBMV+EYcMAEAqXqYaLJq5rOZg==",
      "dev": true,
      "license": "MIT",
      "dependencies": {
        "@babel/types": "^7.20.7"
      }
    },
    "node_modules/@types/body-parser": {
      "version": "1.19.5",
      "resolved": "https://registry.npmjs.org/@types/body-parser/-/body-parser-1.19.5.tgz",
      "integrity": "sha512-fB3Zu92ucau0iQ0JMCFQE7b/dv8Ot07NI3KaZIkIUNXq82k4eBAqUaneXfleGY9JWskeS9y+u0nXMyspcuQrCg==",
      "dev": true,
      "license": "MIT",
      "dependencies": {
        "@types/connect": "*",
        "@types/node": "*"
      }
    },
    "node_modules/@types/compression": {
      "version": "1.7.5",
      "resolved": "https://registry.npmjs.org/@types/compression/-/compression-1.7.5.tgz",
      "integrity": "sha512-AAQvK5pxMpaT+nDvhHrsBhLSYG5yQdtkaJE1WYieSNY2mVFKAgmU4ks65rkZD5oqnGCFLyQpUr1CqI4DmUMyDg==",
      "dev": true,
      "license": "MIT",
      "dependencies": {
        "@types/express": "*"
      }
    },
    "node_modules/@types/connect": {
      "version": "3.4.38",
      "resolved": "https://registry.npmjs.org/@types/connect/-/connect-3.4.38.tgz",
      "integrity": "sha512-K6uROf1LD88uDQqJCktA4yzL1YYAK6NgfsI0v/mTgyPKWsX1CnJ0XPSDhViejru1GcRkLWb8RlzFYJRqGUbaug==",
      "dev": true,
      "license": "MIT",
      "dependencies": {
        "@types/node": "*"
      }
    },
    "node_modules/@types/etag": {
      "version": "1.8.3",
      "resolved": "https://registry.npmjs.org/@types/etag/-/etag-1.8.3.tgz",
      "integrity": "sha512-QYHv9Yeh1ZYSMPQOoxY4XC4F1r+xRUiAriB303F4G6uBsT3KKX60DjiogvVv+2VISVDuJhcIzMdbjT+Bm938QQ==",
      "dev": true,
      "license": "MIT",
      "dependencies": {
        "@types/node": "*"
      }
    },
    "node_modules/@types/express": {
      "version": "5.0.0",
      "resolved": "https://registry.npmjs.org/@types/express/-/express-5.0.0.tgz",
      "integrity": "sha512-DvZriSMehGHL1ZNLzi6MidnsDhUZM/x2pRdDIKdwbUNqqwHxMlRdkxtn6/EPKyqKpHqTl/4nRZsRNLpZxZRpPQ==",
      "dev": true,
      "license": "MIT",
      "dependencies": {
        "@types/body-parser": "*",
        "@types/express-serve-static-core": "^5.0.0",
        "@types/qs": "*",
        "@types/serve-static": "*"
      }
    },
    "node_modules/@types/express-serve-static-core": {
      "version": "5.0.6",
      "resolved": "https://registry.npmjs.org/@types/express-serve-static-core/-/express-serve-static-core-5.0.6.tgz",
      "integrity": "sha512-3xhRnjJPkULekpSzgtoNYYcTWgEZkp4myc+Saevii5JPnHNvHMRlBSHDbs7Bh1iPPoVTERHEZXyhyLbMEsExsA==",
      "dev": true,
      "license": "MIT",
      "dependencies": {
        "@types/node": "*",
        "@types/qs": "*",
        "@types/range-parser": "*",
        "@types/send": "*"
      }
    },
    "node_modules/@types/file-loader": {
      "version": "5.0.4",
      "resolved": "https://registry.npmjs.org/@types/file-loader/-/file-loader-5.0.4.tgz",
      "integrity": "sha512-aB4X92oi5D2nIGI8/kolnJ47btRM2MQjQS4eJgA/VnCD12x0+kP5v7b5beVQWKHLOcquwUXvv6aMt8PmMy9uug==",
      "dev": true,
      "license": "MIT",
      "dependencies": {
        "@types/webpack": "^4"
      }
    },
    "node_modules/@types/html-minifier-terser": {
      "version": "7.0.2",
      "resolved": "https://registry.npmjs.org/@types/html-minifier-terser/-/html-minifier-terser-7.0.2.tgz",
      "integrity": "sha512-mm2HqV22l8lFQh4r2oSsOEVea+m0qqxEmwpc9kC1p/XzmjLWrReR9D/GRs8Pex2NX/imyEH9c5IU/7tMBQCHOA==",
      "dev": true,
      "license": "MIT"
    },
    "node_modules/@types/http-errors": {
      "version": "2.0.4",
      "resolved": "https://registry.npmjs.org/@types/http-errors/-/http-errors-2.0.4.tgz",
      "integrity": "sha512-D0CFMMtydbJAegzOyHjtiKPLlvnm3iTZyZRSZoLq2mRhDdmLfIWOCYPfQJ4cu2erKghU++QvjcUjp/5h7hESpA==",
      "dev": true,
      "license": "MIT"
    },
    "node_modules/@types/less": {
      "version": "3.0.6",
      "resolved": "https://registry.npmjs.org/@types/less/-/less-3.0.6.tgz",
      "integrity": "sha512-PecSzorDGdabF57OBeQO/xFbAkYWo88g4Xvnsx7LRwqLC17I7OoKtA3bQB9uXkY6UkMWCOsA8HSVpaoitscdXw==",
      "dev": true,
      "license": "MIT"
    },
    "node_modules/@types/mime": {
      "version": "1.3.5",
      "resolved": "https://registry.npmjs.org/@types/mime/-/mime-1.3.5.tgz",
      "integrity": "sha512-/pyBZWSLD2n0dcHE3hq8s8ZvcETHtEuF+3E7XVt0Ig2nvsVQXdghHVcEkIWjy9A0wKfTn97a/PSDYohKIlnP/w==",
      "dev": true,
      "license": "MIT"
    },
    "node_modules/@types/node": {
      "version": "22.13.5",
      "resolved": "https://registry.npmjs.org/@types/node/-/node-22.13.5.tgz",
      "integrity": "sha512-+lTU0PxZXn0Dr1NBtC7Y8cR21AJr87dLLU953CWA6pMxxv/UDc7jYAY90upcrie1nRcD6XNG5HOYEDtgW5TxAg==",
      "dev": true,
      "license": "MIT",
      "dependencies": {
        "undici-types": "~6.20.0"
      }
    },
    "node_modules/@types/optimize-css-assets-webpack-plugin": {
      "version": "5.0.8",
      "resolved": "https://registry.npmjs.org/@types/optimize-css-assets-webpack-plugin/-/optimize-css-assets-webpack-plugin-5.0.8.tgz",
      "integrity": "sha512-n134DdmRVXTy0KKbgg3A/G02r2XJKJicYzbJYhdIO8rdYdzoMv6GNHjog2Oq1ttaCOhsYcPIA6Sn7eFxEGCM1A==",
      "dev": true,
      "license": "MIT",
      "dependencies": {
        "@types/webpack": "^4"
      }
    },
    "node_modules/@types/pug": {
      "version": "2.0.10",
      "resolved": "https://registry.npmjs.org/@types/pug/-/pug-2.0.10.tgz",
      "integrity": "sha512-Sk/uYFOBAB7mb74XcpizmH0KOR2Pv3D2Hmrh1Dmy5BmK3MpdSa5kqZcg6EKBdklU0bFXX9gCfzvpnyUehrPIuA==",
      "dev": true,
      "license": "MIT"
    },
    "node_modules/@types/qs": {
      "version": "6.9.18",
      "resolved": "https://registry.npmjs.org/@types/qs/-/qs-6.9.18.tgz",
      "integrity": "sha512-kK7dgTYDyGqS+e2Q4aK9X3D7q234CIZ1Bv0q/7Z5IwRDoADNU81xXJK/YVyLbLTZCoIwUoDoffFeF+p/eIklAA==",
      "dev": true,
      "license": "MIT"
    },
    "node_modules/@types/range-parser": {
      "version": "1.2.7",
      "resolved": "https://registry.npmjs.org/@types/range-parser/-/range-parser-1.2.7.tgz",
      "integrity": "sha512-hKormJbkJqzQGhziax5PItDUTMAM9uE2XXQmM37dyd4hVM+5aVl7oVxMVUiVQn2oCQFN/LKCZdvSM0pFRqbSmQ==",
      "dev": true,
      "license": "MIT"
    },
    "node_modules/@types/send": {
      "version": "0.17.4",
      "resolved": "https://registry.npmjs.org/@types/send/-/send-0.17.4.tgz",
      "integrity": "sha512-x2EM6TJOybec7c52BX0ZspPodMsQUd5L6PRwOunVyVUhXiBSKf3AezDL8Dgvgt5o0UfKNfuA0eMLr2wLT4AiBA==",
      "dev": true,
      "license": "MIT",
      "dependencies": {
        "@types/mime": "^1",
        "@types/node": "*"
      }
    },
    "node_modules/@types/serve-static": {
      "version": "1.15.7",
      "resolved": "https://registry.npmjs.org/@types/serve-static/-/serve-static-1.15.7.tgz",
      "integrity": "sha512-W8Ym+h8nhuRwaKPaDw34QUkwsGi6Rc4yYqvKFo5rm2FUEhCFbzVWrxXUxuKK8TASjWsysJY0nsmNCGhCOIsrOw==",
      "dev": true,
      "license": "MIT",
      "dependencies": {
        "@types/http-errors": "*",
        "@types/node": "*",
        "@types/send": "*"
      }
    },
    "node_modules/@types/source-list-map": {
      "version": "0.1.6",
      "resolved": "https://registry.npmjs.org/@types/source-list-map/-/source-list-map-0.1.6.tgz",
      "integrity": "sha512-5JcVt1u5HDmlXkwOD2nslZVllBBc7HDuOICfiZah2Z0is8M8g+ddAEawbmd3VjedfDHBzxCaXLs07QEmb7y54g==",
      "dev": true,
      "license": "MIT"
    },
    "node_modules/@types/tapable": {
      "version": "1.0.12",
      "resolved": "https://registry.npmjs.org/@types/tapable/-/tapable-1.0.12.tgz",
      "integrity": "sha512-bTHG8fcxEqv1M9+TD14P8ok8hjxoOCkfKc8XXLaaD05kI7ohpeI956jtDOD3XHKBQrlyPughUtzm1jtVhHpA5Q==",
      "dev": true,
      "license": "MIT"
    },
    "node_modules/@types/terser-webpack-plugin": {
      "version": "4.2.1",
      "resolved": "https://registry.npmjs.org/@types/terser-webpack-plugin/-/terser-webpack-plugin-4.2.1.tgz",
      "integrity": "sha512-x688KsgQKJF8PPfv4qSvHQztdZNHLlWJdolN9/ptAGimHVy3rY+vHdfglQDFh1Z39h7eMWOd6fQ7ke3PKQcdyA==",
      "dev": true,
      "license": "MIT",
      "dependencies": {
        "@types/webpack": "^4",
        "terser": "^4.6.13"
      }
    },
    "node_modules/@types/uglify-js": {
      "version": "3.17.5",
      "resolved": "https://registry.npmjs.org/@types/uglify-js/-/uglify-js-3.17.5.tgz",
      "integrity": "sha512-TU+fZFBTBcXj/GpDpDaBmgWk/gn96kMZ+uocaFUlV2f8a6WdMzzI44QBCmGcCiYR0Y6ZlNRiyUyKKt5nl/lbzQ==",
      "dev": true,
      "license": "MIT",
      "dependencies": {
        "source-map": "^0.6.1"
      }
    },
    "node_modules/@types/vue": {
      "version": "1.0.31",
      "resolved": "https://registry.npmjs.org/@types/vue/-/vue-1.0.31.tgz",
      "integrity": "sha512-unhlPKHFYEc+NA7nBz8yYSg7MOhWFJF2M/tzjb0rgVuK4pQzUBGmBp3IhfuhYDo3wr3dgA5sm9GUHmUJz2Hb9w==",
      "dev": true,
      "license": "MIT"
    },
    "node_modules/@types/webpack": {
      "version": "4.41.40",
      "resolved": "https://registry.npmjs.org/@types/webpack/-/webpack-4.41.40.tgz",
      "integrity": "sha512-u6kMFSBM9HcoTpUXnL6mt2HSzftqb3JgYV6oxIgL2dl6sX6aCa5k6SOkzv5DuZjBTPUE/dJltKtwwuqrkZHpfw==",
      "dev": true,
      "license": "MIT",
      "dependencies": {
        "@types/node": "*",
        "@types/tapable": "^1",
        "@types/uglify-js": "*",
        "@types/webpack-sources": "*",
        "anymatch": "^3.0.0",
        "source-map": "^0.6.0"
      }
    },
    "node_modules/@types/webpack-bundle-analyzer": {
      "version": "3.9.5",
      "resolved": "https://registry.npmjs.org/@types/webpack-bundle-analyzer/-/webpack-bundle-analyzer-3.9.5.tgz",
      "integrity": "sha512-QlyDyX7rsOIJHASzXWlih8DT9fR+XCG9cwIV/4pKrtScdHv4XFshdEf/7iiqLqG0lzWcoBdzG8ylMHQ5XLNixw==",
      "dev": true,
      "license": "MIT",
      "dependencies": {
        "@types/webpack": "^4"
      }
    },
    "node_modules/@types/webpack-hot-middleware": {
      "version": "2.25.5",
      "resolved": "https://registry.npmjs.org/@types/webpack-hot-middleware/-/webpack-hot-middleware-2.25.5.tgz",
      "integrity": "sha512-/eRWWMgZteNzl17qLCRdRmtKPZuWy984b11Igz9+BAU5a99Hc2AJinnMohMPVahGRSHby4XwsnjlgIt9m0Ce3g==",
      "dev": true,
      "license": "MIT",
      "dependencies": {
        "@types/connect": "*",
        "@types/webpack": "^4"
      }
    },
    "node_modules/@types/webpack-sources": {
      "version": "3.2.3",
      "resolved": "https://registry.npmjs.org/@types/webpack-sources/-/webpack-sources-3.2.3.tgz",
      "integrity": "sha512-4nZOdMwSPHZ4pTEZzSp0AsTM4K7Qmu40UKW4tJDiOVs20UzYF9l+qUe4s0ftfN0pin06n+5cWWDJXH+sbhAiDw==",
      "dev": true,
      "license": "MIT",
      "dependencies": {
        "@types/node": "*",
        "@types/source-list-map": "*",
        "source-map": "^0.7.3"
      }
    },
    "node_modules/@types/webpack-sources/node_modules/source-map": {
      "version": "0.7.4",
      "resolved": "https://registry.npmjs.org/source-map/-/source-map-0.7.4.tgz",
      "integrity": "sha512-l3BikUxvPOcn5E74dZiq5BGsTb5yEwhaTSzccU6t4sDOH8NWJCstKO5QT2CvtFoK6F0saL7p9xHAqHOlCPJygA==",
      "dev": true,
      "license": "BSD-3-Clause",
      "engines": {
        "node": ">= 8"
      }
    },
    "node_modules/anymatch": {
      "version": "3.1.3",
      "resolved": "https://registry.npmjs.org/anymatch/-/anymatch-3.1.3.tgz",
      "integrity": "sha512-KMReFUr0B4t+D+OBkjR3KYqvocp2XaSzO55UcB6mgQMd3KbcE+mWTyvVV7D/zsdEbNnV6acZUutkiHQXvTr1Rw==",
      "dev": true,
      "license": "ISC",
      "dependencies": {
        "normalize-path": "^3.0.0",
        "picomatch": "^2.0.4"
      },
      "engines": {
        "node": ">= 8"
      }
    },
    "node_modules/argparse": {
      "version": "1.0.10",
      "resolved": "https://registry.npmjs.org/argparse/-/argparse-1.0.10.tgz",
      "integrity": "sha512-o5Roy6tNG4SL/FOkCAN6RzjiakZS25RLYFrcMttJqbdd8BWrnA+fGz57iN5Pb06pvBGvl5gQ0B48dJlslXvoTg==",
      "dev": true,
      "license": "MIT",
      "dependencies": {
        "sprintf-js": "~1.0.2"
      }
    },
    "node_modules/buffer-from": {
      "version": "1.1.2",
      "resolved": "https://registry.npmjs.org/buffer-from/-/buffer-from-1.1.2.tgz",
      "integrity": "sha512-E+XQCRwSbaaiChtv6k6Dwgc+bx+Bs6vuKJHHl5kox/BaKbhiXzqQOwK4cO22yElGp2OCmjwVhT3HmxgyPGnJfQ==",
      "dev": true,
      "license": "MIT"
    },
    "node_modules/commander": {
      "version": "2.20.3",
      "resolved": "https://registry.npmjs.org/commander/-/commander-2.20.3.tgz",
      "integrity": "sha512-GpVkmM8vF2vQUkj2LvZmD35JxeJOLCwJ9cUkugyk2nuhbv3+mJvpLYYt+0+USMxE+oj+ey/lJEnhZw75x/OMcQ==",
      "dev": true,
      "license": "MIT"
    },
    "node_modules/cookie": {
      "version": "0.4.2",
      "resolved": "https://registry.npmjs.org/cookie/-/cookie-0.4.2.tgz",
      "integrity": "sha512-aSWTXFzaKWkvHO1Ny/s+ePFpvKsPnjc551iI41v3ny/ow6tBG5Vd+FuqGNhh1LxOmVzOlGUriIlOaokOvhaStA==",
      "dev": true,
      "license": "MIT",
      "engines": {
        "node": ">= 0.6"
      }
    },
    "node_modules/debug": {
      "version": "4.4.0",
      "resolved": "https://registry.npmjs.org/debug/-/debug-4.4.0.tgz",
      "integrity": "sha512-6WTZ/IxCY/T6BALoZHaE4ctp9xm+Z5kY/pzYaCHRFeyVhojxlrm+46y68HA6hr0TcwEssoxNiDEUJQjfPZ/RYA==",
      "dev": true,
      "license": "MIT",
      "dependencies": {
        "ms": "^2.1.3"
      },
      "engines": {
        "node": ">=6.0"
      },
      "peerDependenciesMeta": {
        "supports-color": {
          "optional": true
        }
      }
    },
    "node_modules/devalue": {
      "version": "2.0.1",
      "resolved": "https://registry.npmjs.org/devalue/-/devalue-2.0.1.tgz",
      "integrity": "sha512-I2TiqT5iWBEyB8GRfTDP0hiLZ0YeDJZ+upDxjBfOC2lebO5LezQMv7QvIUTzdb64jQyAKLf1AHADtGN+jw6v8Q==",
      "dev": true,
      "license": "MIT"
    },
    "node_modules/esprima": {
      "version": "4.0.1",
      "resolved": "https://registry.npmjs.org/esprima/-/esprima-4.0.1.tgz",
      "integrity": "sha512-eGuFFw7Upda+g4p+QHvnW0RyTX/SVeJBDM/gCtMARO0cLuT2HcEKnTPvhjV6aGeqrCB/sbNop0Kszm0jsaWU4A==",
      "dev": true,
      "license": "BSD-2-Clause",
      "bin": {
        "esparse": "bin/esparse.js",
        "esvalidate": "bin/esvalidate.js"
      },
      "engines": {
        "node": ">=4"
      }
    },
    "node_modules/globals": {
      "version": "11.12.0",
      "resolved": "https://registry.npmjs.org/globals/-/globals-11.12.0.tgz",
      "integrity": "sha512-WOBp/EEGUiIsJSp7wcv/y6MO+lV9UoncWqxuFfm8eBwzWNgyfBd6Gz+IeKQ9jCmyhoH99g15M3T+QaVHFjizVA==",
      "dev": true,
      "license": "MIT",
      "engines": {
        "node": ">=4"
      }
    },
    "node_modules/is-https": {
      "version": "4.0.0",
      "resolved": "https://registry.npmjs.org/is-https/-/is-https-4.0.0.tgz",
      "integrity": "sha512-FeMLiqf8E5g6SdiVJsPcNZX8k4h2fBs1wp5Bb6uaNxn58ufK1axBqQZdmAQsqh0t9BuwFObybrdVJh6MKyPlyg==",
      "dev": true,
      "license": "MIT"
    },
    "node_modules/js-cookie": {
      "version": "3.0.5",
      "resolved": "https://registry.npmjs.org/js-cookie/-/js-cookie-3.0.5.tgz",
      "integrity": "sha512-cEiJEAEoIbWfCZYKWhVwFuvPX1gETRYPw6LlaTKoxD3s2AkXzkCjnp6h0V77ozyqj0jakteJ4YqDJT830+lVGw==",
      "dev": true,
      "license": "MIT",
      "engines": {
        "node": ">=14"
      }
    },
    "node_modules/js-tokens": {
      "version": "4.0.0",
      "resolved": "https://registry.npmjs.org/js-tokens/-/js-tokens-4.0.0.tgz",
      "integrity": "sha512-RdJUflcE3cUzKiMqQgsCu06FPu9UdIJO0beYbPhHN4k6apgJtifcoCtT9bcxOpYBtpD2kCM6Sbzg4CausW/PKQ==",
      "dev": true,
      "license": "MIT"
    },
    "node_modules/js-yaml": {
      "version": "3.14.1",
      "resolved": "https://registry.npmjs.org/js-yaml/-/js-yaml-3.14.1.tgz",
      "integrity": "sha512-okMH7OXXJ7YrN9Ok3/SXrnu4iX9yOk+25nqX4imS2npuvTYDmo/QEZoqwZkYaIDk3jVvBOTOIEgEhaLOynBS9g==",
      "dev": true,
      "license": "MIT",
      "dependencies": {
        "argparse": "^1.0.7",
        "esprima": "^4.0.0"
      },
      "bin": {
        "js-yaml": "bin/js-yaml.js"
      }
    },
    "node_modules/jsesc": {
      "version": "3.1.0",
      "resolved": "https://registry.npmjs.org/jsesc/-/jsesc-3.1.0.tgz",
      "integrity": "sha512-/sM3dO2FOzXjKQhJuo0Q173wf2KOo8t4I8vHy6lF9poUp7bKT0/NHE8fPX23PwfhnykfqnC2xRxOnVw5XuGIaA==",
      "dev": true,
      "license": "MIT",
      "bin": {
        "jsesc": "bin/jsesc"
      },
      "engines": {
        "node": ">=6"
      }
    },
    "node_modules/json5": {
      "version": "2.2.3",
      "resolved": "https://registry.npmjs.org/json5/-/json5-2.2.3.tgz",
      "integrity": "sha512-XmOWe7eyHYH14cLdVPoyg+GOH3rYX++KpzrylJwSW98t3Nk+U8XOl8FWKOgwtzdb8lXGf6zYwDUzeHMWfxasyg==",
      "dev": true,
      "license": "MIT",
      "bin": {
        "json5": "lib/cli.js"
      },
      "engines": {
        "node": ">=6"
      }
    },
    "node_modules/klona": {
      "version": "2.0.6",
      "resolved": "https://registry.npmjs.org/klona/-/klona-2.0.6.tgz",
      "integrity": "sha512-dhG34DXATL5hSxJbIexCft8FChFXtmskoZYnoPWjXQuebWYCNkVeV3KkGegCK9CP1oswI/vQibS2GY7Em/sJJA==",
      "dev": true,
      "license": "MIT",
      "engines": {
        "node": ">= 8"
      }
    },
    "node_modules/lodash.merge": {
      "version": "4.6.2",
      "resolved": "https://registry.npmjs.org/lodash.merge/-/lodash.merge-4.6.2.tgz",
      "integrity": "sha512-0KpjqXRVvrYyCsX1swR/XTK0va6VQkQM6MNo7PqW77ByjAhoARA8EfrP1N4+KlKj8YS0ZUCtRT/YUuhyYDujIQ==",
      "dev": true,
      "license": "MIT"
    },
    "node_modules/ms": {
      "version": "2.1.3",
      "resolved": "https://registry.npmjs.org/ms/-/ms-2.1.3.tgz",
      "integrity": "sha512-6FlzubTLZG3J2a/NVCAleEhjzq5oxgHyaCU9yYXvcLsvoVaHJq/s5xXI6/XXP6tz7R9xAOtHnSO/tXtF3WRTlA==",
      "dev": true,
      "license": "MIT"
    },
    "node_modules/normalize-path": {
      "version": "3.0.0",
      "resolved": "https://registry.npmjs.org/normalize-path/-/normalize-path-3.0.0.tgz",
      "integrity": "sha512-6eZs5Ls3WtCisHWp9S2GUy8dqkpGi4BVSz3GaqiE6ezub0512ESztXUwUB6C6IKbQkY2Pnb/mD4WYojCRwcwLA==",
      "dev": true,
      "license": "MIT",
      "engines": {
        "node": ">=0.10.0"
      }
    },
    "node_modules/nuxt-i18n": {
      "version": "6.28.1",
      "resolved": "https://registry.npmjs.org/nuxt-i18n/-/nuxt-i18n-6.28.1.tgz",
      "integrity": "sha512-JKRs8AmixVZ7k90Rrwq468McfnInP1ymuejYHRGA4VV0nZCLYsdDQXZxXl3JXaER9VatM9C24GM3ArAYFOtUhg==",
      "deprecated": "Please use the @nuxtjs/i18n package going forward",
      "dev": true,
      "license": "MIT",
      "dependencies": {
        "@babel/parser": "^7.14.9",
        "@babel/traverse": "^7.14.9",
        "@intlify/vue-i18n-extensions": "^1.0.2",
        "@intlify/vue-i18n-loader": "^1.1.0",
        "cookie": "^0.4.1",
        "devalue": "^2.0.1",
        "is-https": "^4.0.0",
        "js-cookie": "^3.0.0",
        "klona": "^2.0.4",
        "lodash.merge": "^4.6.2",
        "ufo": "^0.7.7",
        "vue-i18n": "^8.25.0"
      }
    },
    "node_modules/picocolors": {
      "version": "1.1.1",
      "resolved": "https://registry.npmjs.org/picocolors/-/picocolors-1.1.1.tgz",
      "integrity": "sha512-xceH2snhtb5M9liqDsmEw56le376mTZkEX/jEb/RxNFyegNul7eNslCXP9FDj/Lcu0X8KEyMceP2ntpaHrDEVA==",
      "dev": true,
      "license": "ISC"
    },
    "node_modules/picomatch": {
      "version": "2.3.1",
      "resolved": "https://registry.npmjs.org/picomatch/-/picomatch-2.3.1.tgz",
      "integrity": "sha512-JU3teHTNjmE2VCGFzuY8EXzCDVwEqB2a8fsIvwaStHhAWJEeVd1o1QD80CU6+ZdEXXSLbSsuLwJjkCBWqRQUVA==",
      "dev": true,
      "license": "MIT",
      "engines": {
        "node": ">=8.6"
      },
      "funding": {
        "url": "https://github.com/sponsors/jonschlinkert"
      }
    },
    "node_modules/source-map": {
      "version": "0.6.1",
      "resolved": "https://registry.npmjs.org/source-map/-/source-map-0.6.1.tgz",
      "integrity": "sha512-UjgapumWlbMhkBgzT7Ykc5YXUT46F0iKu8SGXq0bcwP5dz/h0Plj6enJqjz1Zbq2l5WaqYnrVbwWOWMyF3F47g==",
      "dev": true,
      "license": "BSD-3-Clause",
      "engines": {
        "node": ">=0.10.0"
      }
    },
    "node_modules/source-map-support": {
      "version": "0.5.21",
      "resolved": "https://registry.npmjs.org/source-map-support/-/source-map-support-0.5.21.tgz",
      "integrity": "sha512-uBHU3L3czsIyYXKX88fdrGovxdSCoTGDRZ6SYXtSRxLZUzHg5P/66Ht6uoUlHu9EZod+inXhKo3qQgwXUT/y1w==",
      "dev": true,
      "license": "MIT",
      "dependencies": {
        "buffer-from": "^1.0.0",
        "source-map": "^0.6.0"
      }
    },
    "node_modules/sprintf-js": {
      "version": "1.0.3",
      "resolved": "https://registry.npmjs.org/sprintf-js/-/sprintf-js-1.0.3.tgz",
      "integrity": "sha512-D9cPgkvLlV3t3IzL0D0YLvGA9Ahk4PcvVwUbN0dSGr1aP0Nrt4AEnTUbuGvquEC0mA64Gqt1fzirlRs5ibXx8g==",
      "dev": true,
      "license": "BSD-3-Clause"
    },
    "node_modules/terser": {
      "version": "4.8.1",
      "resolved": "https://registry.npmjs.org/terser/-/terser-4.8.1.tgz",
      "integrity": "sha512-4GnLC0x667eJG0ewJTa6z/yXrbLGv80D9Ru6HIpCQmO+Q4PfEtBFi0ObSckqwL6VyQv/7ENJieXHo2ANmdQwgw==",
      "dev": true,
      "license": "BSD-2-Clause",
      "dependencies": {
        "commander": "^2.20.0",
        "source-map": "~0.6.1",
        "source-map-support": "~0.5.12"
      },
      "bin": {
        "terser": "bin/terser"
      },
      "engines": {
        "node": ">=6.0.0"
      }
    },
    "node_modules/ufo": {
      "version": "0.7.11",
      "resolved": "https://registry.npmjs.org/ufo/-/ufo-0.7.11.tgz",
      "integrity": "sha512-IT3q0lPvtkqQ8toHQN/BkOi4VIqoqheqM1FnkNWT9y0G8B3xJhwnoKBu5OHx8zHDOvveQzfKuFowJ0VSARiIDg==",
      "dev": true,
      "license": "MIT"
    },
    "node_modules/undici-types": {
      "version": "6.20.0",
      "resolved": "https://registry.npmjs.org/undici-types/-/undici-types-6.20.0.tgz",
      "integrity": "sha512-Ny6QZ2Nju20vw1SRHe3d9jVu6gJ+4e3+MMpqu7pqE5HT6WsTSlce++GQmK5UXS8mzV8DSYHrQH+Xrf2jVcuKNg==",
      "dev": true,
      "license": "MIT"
    },
    "node_modules/vue-i18n": {
      "version": "8.28.2",
      "resolved": "https://registry.npmjs.org/vue-i18n/-/vue-i18n-8.28.2.tgz",
      "integrity": "sha512-C5GZjs1tYlAqjwymaaCPDjCyGo10ajUphiwA922jKt9n7KPpqR7oM1PCwYzhB/E7+nT3wfdG3oRre5raIT1rKA==",
      "dev": true,
      "license": "MIT"
    }
  }
}
